
Microsoft Visual Studio Solution File, Format Version 12.00
# Visual Studio Version 16
VisualStudioVersion = 16.0.29905.134
MinimumVisualStudioVersion = 10.0.40219.1
Project("{2150E333-8FDC-42A3-9474-1A3956D46DE8}") = "0 - Logging", "0 - Logging", "{FBD327EF-B55E-4400-ACFB-9416FB8797C8}"
EndProject
Project("{9A19103F-16F7-4668-BE54-9A1E7A4F7556}") = "CMA.ISMAI.Logging", "CMA.ISMAI.Logging\CMA.ISMAI.Logging.csproj", "{4055536F-D5B9-45E0-91DD-D547EB6691E6}"
EndProject
Project("{2150E333-8FDC-42A3-9474-1A3956D46DE8}") = "Tests", "Tests", "{AA35FCDA-BA00-4701-83DF-09B5A2E71C16}"
EndProject
Project("{9A19103F-16F7-4668-BE54-9A1E7A4F7556}") = "CMA.ISMAI.UnitTests", "CMA.ISMAI.UnitTests\CMA.ISMAI.UnitTests.csproj", "{AF4FD8E1-6E0A-4FDE-85E7-1A5E361C0787}"
EndProject
Project("{2150E333-8FDC-42A3-9474-1A3956D46DE8}") = "2 - Engine", "2 - Engine", "{170D6484-5274-4944-912D-7A62980DAC42}"
EndProject
Project("{9A19103F-16F7-4668-BE54-9A1E7A4F7556}") = "CMA.ISMAI.Engine.Automation", "CMA.ISMAI.Engine.Automation\CMA.ISMAI.Engine.Automation.csproj", "{D83DF5BC-603D-443D-872D-656BE73F098E}"
EndProject
Project("{2150E333-8FDC-42A3-9474-1A3956D46DE8}") = "API", "API", "{DD1C6481-F0BC-4D25-9D76-8C37556863B1}"
EndProject
Project("{2150E333-8FDC-42A3-9474-1A3956D46DE8}") = "WorkFlowEngine", "WorkFlowEngine", "{D79F26E7-BAB1-45D5-893B-467626E25AD7}"
EndProject
Project("{9A19103F-16F7-4668-BE54-9A1E7A4F7556}") = "CMA.ISMAI.Engine.API", "CMA.ISMAI.Engine.API\CMA.ISMAI.Engine.API.csproj", "{07815CB1-83D5-45B1-A528-F415FB6FD521}"
EndProject
Project("{2150E333-8FDC-42A3-9474-1A3956D46DE8}") = "Domain", "Domain", "{424545F4-FAFB-4554-BF5A-528765A58AC5}"
EndProject
Project("{9A19103F-16F7-4668-BE54-9A1E7A4F7556}") = "CMA.ISMAI.Engine.Domain", "CMA.ISMAI.Engine.Domain\CMA.ISMAI.Engine.Domain.csproj", "{8F4D4D61-0048-47DD-A322-987924F1D861}"
EndProject
Project("{9A19103F-16F7-4668-BE54-9A1E7A4F7556}") = "CMA.ISMAI.IntegrationTests", "CMA.ISMAI.IntegrationTests\CMA.ISMAI.IntegrationTests.csproj", "{44136B9B-A025-4E18-9FEA-E6114EFFDDEF}"
EndProject
Project("{2150E333-8FDC-42A3-9474-1A3956D46DE8}") = "3 - Trello", "3 - Trello", "{42FBFF5E-8424-4211-9B9C-5561AA2CCB62}"
EndProject
Project("{2150E333-8FDC-42A3-9474-1A3956D46DE8}") = "Engine", "Engine", "{978741F7-26FD-4091-8702-1B750E0FA3AC}"
EndProject
Project("{9A19103F-16F7-4668-BE54-9A1E7A4F7556}") = "CMA.ISMAI.Trello.Engine", "CMA.ISMAI.Trello.Engine\CMA.ISMAI.Trello.Engine.csproj", "{40734FB2-D1D6-4448-AAAE-7B9ED9D46DE8}"
EndProject
Project("{2150E333-8FDC-42A3-9474-1A3956D46DE8}") = "Domain", "Domain", "{630771C5-E9CF-4079-AEBF-E3D7F3F6CC81}"
EndProject
Project("{9A19103F-16F7-4668-BE54-9A1E7A4F7556}") = "CMA.ISMAI.Trello.Domain", "CMA.ISMAI.Trello.Domain\CMA.ISMAI.Trello.Domain.csproj", "{AA758AE8-0ACF-4B39-8A37-1A671302FB57}"
EndProject
Project("{2150E333-8FDC-42A3-9474-1A3956D46DE8}") = "API", "API", "{39FF6E76-F1C7-4A38-AB8D-58411E00A863}"
EndProject
Project("{9A19103F-16F7-4668-BE54-9A1E7A4F7556}") = "CMA.ISMAI.Trello.API", "CMA.ISMAI.Trello.API\CMA.ISMAI.Trello.API.csproj", "{1BF4B737-DE6B-4F67-98E5-27BFCECB0E3F}"
EndProject
Project("{2150E333-8FDC-42A3-9474-1A3956D46DE8}") = "1 - Core", "1 - Core", "{D1832FE5-CA5B-4794-9255-826AADE5A6DE}"
EndProject
Project("{9A19103F-16F7-4668-BE54-9A1E7A4F7556}") = "CMA.ISMAI.Core", "CMA.ISMAI.Core\CMA.ISMAI.Core.csproj", "{77E294FC-81BF-47BF-94F5-A27CA5395E58}"
EndProject
Project("{2150E333-8FDC-42A3-9474-1A3956D46DE8}") = "Sagas", "Sagas", "{DBE2A4DE-CC48-4F48-9F34-2C6548D42B14}"
EndProject
Project("{2150E333-8FDC-42A3-9474-1A3956D46DE8}") = "4 - Sagas", "4 - Sagas", "{1CF8AB43-ABAF-410C-85DB-F374E7D8C39C}"
EndProject
Project("{9A19103F-16F7-4668-BE54-9A1E7A4F7556}") = "CMA.ISMAI.Sagas", "CMA.ISMAI.Sagas\CMA.ISMAI.Sagas.csproj", "{99939524-E6BE-4AF7-938F-94EAF58F08F9}"
EndProject
Project("{9A19103F-16F7-4668-BE54-9A1E7A4F7556}") = "CMA.ISMAI.Sagas.Engine", "CMA.ISMAI.Engine.Sagas\CMA.ISMAI.Sagas.Engine.csproj", "{7A68C6CD-777F-4729-9CB0-817899A28A32}"
EndProject
Project("{2150E333-8FDC-42A3-9474-1A3956D46DE8}") = "5 - Notifications", "5 - Notifications", "{A362ABD8-9620-4AD5-ADAF-261BB06EE0EE}"
EndProject
Project("{9A19103F-16F7-4668-BE54-9A1E7A4F7556}") = "CMA.ISMAI.Notifications", "CMA.ISMAI.Notifications\CMA.ISMAI.Notifications.csproj", "{E88749BA-4EE6-40A6-80EA-D2DC19B2CDE4}"
EndProject
Global
	GlobalSection(SolutionConfigurationPlatforms) = preSolution
		Debug|Any CPU = Debug|Any CPU
		Release|Any CPU = Release|Any CPU
	EndGlobalSection
	GlobalSection(ProjectConfigurationPlatforms) = postSolution
		{4055536F-D5B9-45E0-91DD-D547EB6691E6}.Debug|Any CPU.ActiveCfg = Debug|Any CPU
		{4055536F-D5B9-45E0-91DD-D547EB6691E6}.Debug|Any CPU.Build.0 = Debug|Any CPU
		{4055536F-D5B9-45E0-91DD-D547EB6691E6}.Release|Any CPU.ActiveCfg = Release|Any CPU
		{4055536F-D5B9-45E0-91DD-D547EB6691E6}.Release|Any CPU.Build.0 = Release|Any CPU
		{AF4FD8E1-6E0A-4FDE-85E7-1A5E361C0787}.Debug|Any CPU.ActiveCfg = Debug|Any CPU
		{AF4FD8E1-6E0A-4FDE-85E7-1A5E361C0787}.Debug|Any CPU.Build.0 = Debug|Any CPU
		{AF4FD8E1-6E0A-4FDE-85E7-1A5E361C0787}.Release|Any CPU.ActiveCfg = Release|Any CPU
		{AF4FD8E1-6E0A-4FDE-85E7-1A5E361C0787}.Release|Any CPU.Build.0 = Release|Any CPU
		{D83DF5BC-603D-443D-872D-656BE73F098E}.Debug|Any CPU.ActiveCfg = Debug|Any CPU
		{D83DF5BC-603D-443D-872D-656BE73F098E}.Debug|Any CPU.Build.0 = Debug|Any CPU
		{D83DF5BC-603D-443D-872D-656BE73F098E}.Release|Any CPU.ActiveCfg = Release|Any CPU
		{D83DF5BC-603D-443D-872D-656BE73F098E}.Release|Any CPU.Build.0 = Release|Any CPU
		{07815CB1-83D5-45B1-A528-F415FB6FD521}.Debug|Any CPU.ActiveCfg = Debug|Any CPU
		{07815CB1-83D5-45B1-A528-F415FB6FD521}.Debug|Any CPU.Build.0 = Debug|Any CPU
		{07815CB1-83D5-45B1-A528-F415FB6FD521}.Release|Any CPU.ActiveCfg = Release|Any CPU
		{07815CB1-83D5-45B1-A528-F415FB6FD521}.Release|Any CPU.Build.0 = Release|Any CPU
		{8F4D4D61-0048-47DD-A322-987924F1D861}.Debug|Any CPU.ActiveCfg = Debug|Any CPU
		{8F4D4D61-0048-47DD-A322-987924F1D861}.Debug|Any CPU.Build.0 = Debug|Any CPU
		{8F4D4D61-0048-47DD-A322-987924F1D861}.Release|Any CPU.ActiveCfg = Release|Any CPU
		{8F4D4D61-0048-47DD-A322-987924F1D861}.Release|Any CPU.Build.0 = Release|Any CPU
		{44136B9B-A025-4E18-9FEA-E6114EFFDDEF}.Debug|Any CPU.ActiveCfg = Debug|Any CPU
		{44136B9B-A025-4E18-9FEA-E6114EFFDDEF}.Debug|Any CPU.Build.0 = Debug|Any CPU
		{44136B9B-A025-4E18-9FEA-E6114EFFDDEF}.Release|Any CPU.ActiveCfg = Release|Any CPU
		{44136B9B-A025-4E18-9FEA-E6114EFFDDEF}.Release|Any CPU.Build.0 = Release|Any CPU
		{40734FB2-D1D6-4448-AAAE-7B9ED9D46DE8}.Debug|Any CPU.ActiveCfg = Debug|Any CPU
		{40734FB2-D1D6-4448-AAAE-7B9ED9D46DE8}.Debug|Any CPU.Build.0 = Debug|Any CPU
		{40734FB2-D1D6-4448-AAAE-7B9ED9D46DE8}.Release|Any CPU.ActiveCfg = Release|Any CPU
		{40734FB2-D1D6-4448-AAAE-7B9ED9D46DE8}.Release|Any CPU.Build.0 = Release|Any CPU
		{AA758AE8-0ACF-4B39-8A37-1A671302FB57}.Debug|Any CPU.ActiveCfg = Debug|Any CPU
		{AA758AE8-0ACF-4B39-8A37-1A671302FB57}.Debug|Any CPU.Build.0 = Debug|Any CPU
		{AA758AE8-0ACF-4B39-8A37-1A671302FB57}.Release|Any CPU.ActiveCfg = Release|Any CPU
		{AA758AE8-0ACF-4B39-8A37-1A671302FB57}.Release|Any CPU.Build.0 = Release|Any CPU
		{1BF4B737-DE6B-4F67-98E5-27BFCECB0E3F}.Debug|Any CPU.ActiveCfg = Debug|Any CPU
		{1BF4B737-DE6B-4F67-98E5-27BFCECB0E3F}.Debug|Any CPU.Build.0 = Debug|Any CPU
		{1BF4B737-DE6B-4F67-98E5-27BFCECB0E3F}.Release|Any CPU.ActiveCfg = Release|Any CPU
		{1BF4B737-DE6B-4F67-98E5-27BFCECB0E3F}.Release|Any CPU.Build.0 = Release|Any CPU
		{77E294FC-81BF-47BF-94F5-A27CA5395E58}.Debug|Any CPU.ActiveCfg = Debug|Any CPU
		{77E294FC-81BF-47BF-94F5-A27CA5395E58}.Debug|Any CPU.Build.0 = Debug|Any CPU
		{77E294FC-81BF-47BF-94F5-A27CA5395E58}.Release|Any CPU.ActiveCfg = Release|Any CPU
		{77E294FC-81BF-47BF-94F5-A27CA5395E58}.Release|Any CPU.Build.0 = Release|Any CPU
		{99939524-E6BE-4AF7-938F-94EAF58F08F9}.Debug|Any CPU.ActiveCfg = Debug|Any CPU
		{99939524-E6BE-4AF7-938F-94EAF58F08F9}.Debug|Any CPU.Build.0 = Debug|Any CPU
		{99939524-E6BE-4AF7-938F-94EAF58F08F9}.Release|Any CPU.ActiveCfg = Release|Any CPU
		{99939524-E6BE-4AF7-938F-94EAF58F08F9}.Release|Any CPU.Build.0 = Release|Any CPU
		{7A68C6CD-777F-4729-9CB0-817899A28A32}.Debug|Any CPU.ActiveCfg = Debug|Any CPU
		{7A68C6CD-777F-4729-9CB0-817899A28A32}.Debug|Any CPU.Build.0 = Debug|Any CPU
		{7A68C6CD-777F-4729-9CB0-817899A28A32}.Release|Any CPU.ActiveCfg = Release|Any CPU
		{7A68C6CD-777F-4729-9CB0-817899A28A32}.Release|Any CPU.Build.0 = Release|Any CPU
		{E88749BA-4EE6-40A6-80EA-D2DC19B2CDE4}.Debug|Any CPU.ActiveCfg = Debug|Any CPU
		{E88749BA-4EE6-40A6-80EA-D2DC19B2CDE4}.Debug|Any CPU.Build.0 = Debug|Any CPU
		{E88749BA-4EE6-40A6-80EA-D2DC19B2CDE4}.Release|Any CPU.ActiveCfg = Release|Any CPU
		{E88749BA-4EE6-40A6-80EA-D2DC19B2CDE4}.Release|Any CPU.Build.0 = Release|Any CPU
	EndGlobalSection
	GlobalSection(SolutionProperties) = preSolution
		HideSolutionNode = FALSE
	EndGlobalSection
	GlobalSection(NestedProjects) = preSolution
		{4055536F-D5B9-45E0-91DD-D547EB6691E6} = {FBD327EF-B55E-4400-ACFB-9416FB8797C8}
		{AA35FCDA-BA00-4701-83DF-09B5A2E71C16} = {A362ABD8-9620-4AD5-ADAF-261BB06EE0EE}
		{AF4FD8E1-6E0A-4FDE-85E7-1A5E361C0787} = {AA35FCDA-BA00-4701-83DF-09B5A2E71C16}
		{D83DF5BC-603D-443D-872D-656BE73F098E} = {D79F26E7-BAB1-45D5-893B-467626E25AD7}
		{DD1C6481-F0BC-4D25-9D76-8C37556863B1} = {170D6484-5274-4944-912D-7A62980DAC42}
		{D79F26E7-BAB1-45D5-893B-467626E25AD7} = {170D6484-5274-4944-912D-7A62980DAC42}
		{07815CB1-83D5-45B1-A528-F415FB6FD521} = {DD1C6481-F0BC-4D25-9D76-8C37556863B1}
		{424545F4-FAFB-4554-BF5A-528765A58AC5} = {170D6484-5274-4944-912D-7A62980DAC42}
		{8F4D4D61-0048-47DD-A322-987924F1D861} = {424545F4-FAFB-4554-BF5A-528765A58AC5}
		{44136B9B-A025-4E18-9FEA-E6114EFFDDEF} = {AA35FCDA-BA00-4701-83DF-09B5A2E71C16}
		{978741F7-26FD-4091-8702-1B750E0FA3AC} = {42FBFF5E-8424-4211-9B9C-5561AA2CCB62}
		{40734FB2-D1D6-4448-AAAE-7B9ED9D46DE8} = {978741F7-26FD-4091-8702-1B750E0FA3AC}
		{630771C5-E9CF-4079-AEBF-E3D7F3F6CC81} = {42FBFF5E-8424-4211-9B9C-5561AA2CCB62}
		{AA758AE8-0ACF-4B39-8A37-1A671302FB57} = {630771C5-E9CF-4079-AEBF-E3D7F3F6CC81}
		{39FF6E76-F1C7-4A38-AB8D-58411E00A863} = {42FBFF5E-8424-4211-9B9C-5561AA2CCB62}
		{1BF4B737-DE6B-4F67-98E5-27BFCECB0E3F} = {39FF6E76-F1C7-4A38-AB8D-58411E00A863}
		{77E294FC-81BF-47BF-94F5-A27CA5395E58} = {D1832FE5-CA5B-4794-9255-826AADE5A6DE}
		{DBE2A4DE-CC48-4F48-9F34-2C6548D42B14} = {1CF8AB43-ABAF-410C-85DB-F374E7D8C39C}
		{99939524-E6BE-4AF7-938F-94EAF58F08F9} = {1CF8AB43-ABAF-410C-85DB-F374E7D8C39C}
		{7A68C6CD-777F-4729-9CB0-817899A28A32} = {DBE2A4DE-CC48-4F48-9F34-2C6548D42B14}
		{E88749BA-4EE6-40A6-80EA-D2DC19B2CDE4} = {A362ABD8-9620-4AD5-ADAF-261BB06EE0EE}
	EndGlobalSection
	GlobalSection(ExtensibilityGlobals) = postSolution
		SolutionGuid = {2E41AA26-0CCD-4CFF-AFB2-9DA37F2FF037}
	EndGlobalSection
EndGlobal
